PODS:
  - RxCocoa (4.3.1):
    - RxSwift (~> 4.0)
  - RxSwift (4.3.1)
  - SpotifyRemoteSDK (1.0.1)

DEPENDENCIES:
  - RxCocoa (~> 4.0)
  - RxSwift (~> 4.0)
  - SpotifyRemoteSDK (~> 1.0)

SPEC REPOS:
  https://github.com/cocoapods/specs.git:
    - RxCocoa
    - RxSwift
    - SpotifyRemoteSDK

SPEC CHECKSUMS:
  RxCocoa: 78763c7b07d02455598d9fc3c1ad091a28b73635
  RxSwift: fe0fd770a43acdb7d0a53da411c9b892e69bb6e4
  SpotifyRemoteSDK: 59c67b1a8ee08b532bd4caea457ae43cfad15d98

PODFILE CHECKSUM: 80e19436b3d56fb12bf4042985f8cd1cdf04d217

COCOAPODS: 1.5.3
