PODS:
  - RxAtomic (4.4.0)
  - RxBlocking (4.4.0):
    - RxAtomic (~> 4.4)
    - RxSwift (~> 4.0)
  - RxCocoa (4.4.0):
    - RxSwift (~> 4.0)
  - RxSwift (4.4.0):
    - RxAtomic (~> 4.4)
  - Socket.IO-Client-Swift (13.3.1):
    - Starscream (~> 3.0.2)
  - SpotifyRemoteSDK (1.0.1)
  - Starscream (3.0.6)

DEPENDENCIES:
  - RxBlocking (~> 4.0)
  - RxCocoa (~> 4.0)
  - RxSwift (~> 4.0)
  - Socket.IO-Client-Swift (~> 13.3.0)
  - SpotifyRemoteSDK (~> 1.0)

SPEC REPOS:
  https://github.com/cocoapods/specs.git:
    - RxAtomic
    - RxBlocking
    - RxCocoa
    - RxSwift
    - Socket.IO-Client-Swift
    - SpotifyRemoteSDK
    - Starscream

SPEC CHECKSUMS:
  RxAtomic: eacf60db868c96bfd63320e28619fe29c179656f
  RxBlocking: 138ad53217434444d6eeeb4fb406a45431d92e31
  RxCocoa: df63ebf7b9a70d6b4eeea407ed5dd4efc8979749
  RxSwift: 5976ecd04fc2fefd648827c23de5e11157faa973
  Socket.IO-Client-Swift: 79f8f85fa44881838175a20f9bd2c32bef2c9d37
  SpotifyRemoteSDK: 59c67b1a8ee08b532bd4caea457ae43cfad15d98
  Starscream: ef3ece99d765eeccb67de105bfa143f929026cf5

PODFILE CHECKSUM: ca6ded493a98d02c2ac953b5866d48d5e3834638

COCOAPODS: 1.5.3
