// !$*UTF8*$!
{
	archiveVersion = 1;
	classes = {
	};
	objectVersion = 50;
	objects = {

/* Begin PBXBuildFile section */
		3B8B3EE8C426C97D3C41DE04 /* Pods_Spotify_TuneIn.framework in Frameworks */ = {isa = PBXBuildFile; fileRef = 53D0643F8DED354CDB001CF1 /* Pods_Spotify_TuneIn.framework */; };
		ABEA01E221C39ECF00959708 /* AppDelegate.swift in Sources */ = {isa = PBXBuildFile; fileRef = ABEA01E121C39ECF00959708 /* AppDelegate.swift */; };
		ABEA01E421C39ECF00959708 /* ViewController.swift in Sources */ = {isa = PBXBuildFile; fileRef = ABEA01E321C39ECF00959708 /* ViewController.swift */; };
		ABEA01E721C39ECF00959708 /* Main.storyboard in Resources */ = {isa = PBXBuildFile; fileRef = ABEA01E521C39ECF00959708 /* Main.storyboard */; };
		ABEA01E921C39ECF00959708 /* Assets.xcassets in Resources */ = {isa = PBXBuildFile; fileRef = ABEA01E821C39ECF00959708 /* Assets.xcassets */; };
		ABEA01EC21C39ECF00959708 /* LaunchScreen.storyboard in Resources */ = {isa = PBXBuildFile; fileRef = ABEA01EA21C39ECF00959708 /* LaunchScreen.storyboard */; };
/* End PBXBuildFile section */

/* Begin PBXFileReference section */
		53D0643F8DED354CDB001CF1 /* Pods_Spotify_TuneIn.framework */ = {isa = PBXFileReference; explicitFileType = wrapper.framework; includeInIndex = 0; path = Pods_Spotify_TuneIn.framework; sourceTree = BUILT_PRODUCTS_DIR; };
		8EF48321824137BD9F3DFB14 /* Pods-Spotify TuneIn.release.xcconfig */ = {isa = PBXFileReference; includeInIndex = 1; lastKnownFileType = text.xcconfig; name = "Pods-Spotify TuneIn.release.xcconfig"; path = "Pods/Target Support Files/Pods-Spotify TuneIn/Pods-Spotify TuneIn.release.xcconfig"; sourceTree = "<group>"; };
		ABEA01DE21C39ECF00959708 /* Spotify TuneIn.app */ = {isa = PBXFileReference; explicitFileType = wrapper.application; includeInIndex = 0; path = "Spotify TuneIn.app"; sourceTree = BUILT_PRODUCTS_DIR; };
		ABEA01E121C39ECF00959708 /* AppDelegate.swift */ = {isa = PBXFileReference; lastKnownFileType = sourcecode.swift; path = AppDelegate.swift; sourceTree = "<group>"; };
		ABEA01E321C39ECF00959708 /* ViewController.swift */ = {isa = PBXFileReference; lastKnownFileType = sourcecode.swift; path = ViewController.swift; sourceTree = "<group>"; };
		ABEA01E621C39ECF00959708 /* Base */ = {isa = PBXFileReference; lastKnownFileType = file.storyboard; name = Base; path = Base.lproj/Main.storyboard; sourceTree = "<group>"; };
		ABEA01E821C39ECF00959708 /* Assets.xcassets */ = {isa = PBXFileReference; lastKnownFileType = folder.assetcatalog; path = Assets.xcassets; sourceTree = "<group>"; };
		ABEA01EB21C39ECF00959708 /* Base */ = {isa = PBXFileReference; lastKnownFileType = file.storyboard; name = Base; path = Base.lproj/LaunchScreen.storyboard; sourceTree = "<group>"; };
		ABEA01ED21C39ECF00959708 /* Info.plist */ = {isa = PBXFileReference; lastKnownFileType = text.plist.xml; path = Info.plist; sourceTree = "<group>"; };
		F460643574B8857D42840B8B /* Pods-Spotify TuneIn.debug.xcconfig */ = {isa = PBXFileReference; includeInIndex = 1; lastKnownFileType = text.xcconfig; name = "Pods-Spotify TuneIn.debug.xcconfig"; path = "Pods/Target Support Files/Pods-Spotify TuneIn/Pods-Spotify TuneIn.debug.xcconfig"; sourceTree = "<group>"; };
/* End PBXFileReference section */

/* Begin PBXFrameworksBuildPhase section */
		ABEA01DB21C39ECF00959708 /* Frameworks */ = {
			isa = PBXFrameworksBuildPhase;
			buildActionMask = 2147483647;
			files = (
				3B8B3EE8C426C97D3C41DE04 /* Pods_Spotify_TuneIn.framework in Frameworks */,
			);
			runOnlyForDeploymentPostprocessing = 0;
		};
/* End PBXFrameworksBuildPhase section */

/* Begin PBXGroup section */
		2B535119217FC19EE4B69929 /* Frameworks */ = {
			isa = PBXGroup;
			children = (
				53D0643F8DED354CDB001CF1 /* Pods_Spotify_TuneIn.framework */,
			);
			name = Frameworks;
			sourceTree = "<group>";
		};
		8DBF66F64D9B21486021F182 /* Pods */ = {
			isa = PBXGroup;
			children = (
				F460643574B8857D42840B8B /* Pods-Spotify TuneIn.debug.xcconfig */,
				8EF48321824137BD9F3DFB14 /* Pods-Spotify TuneIn.release.xcconfig */,
			);
			name = Pods;
			sourceTree = "<group>";
		};
		ABEA01D521C39ECF00959708 = {
			isa = PBXGroup;
			children = (
				ABEA01E021C39ECF00959708 /* Spotify TuneIn */,
				ABEA01DF21C39ECF00959708 /* Products */,
				8DBF66F64D9B21486021F182 /* Pods */,
				2B535119217FC19EE4B69929 /* Frameworks */,
			);
			sourceTree = "<group>";
		};
		ABEA01DF21C39ECF00959708 /* Products */ = {
			isa = PBXGroup;
			children = (
				ABEA01DE21C39ECF00959708 /* Spotify TuneIn.app */,
			);
			name = Products;
			sourceTree = "<group>";
		};
		ABEA01E021C39ECF00959708 /* Spotify TuneIn */ = {
			isa = PBXGroup;
			children = (
				ABEA01E121C39ECF00959708 /* AppDelegate.swift */,
				ABEA01E321C39ECF00959708 /* ViewController.swift */,
				ABEA01E521C39ECF00959708 /* Main.storyboard */,
				ABEA01E821C39ECF00959708 /* Assets.xcassets */,
				ABEA01EA21C39ECF00959708 /* LaunchScreen.storyboard */,
				ABEA01ED21C39ECF00959708 /* Info.plist */,
			);
			path = "Spotify TuneIn";
			sourceTree = "<group>";
		};
/* End PBXGroup section */

/* Begin PBXNativeTarget section */
		ABEA01DD21C39ECF00959708 /* Spotify TuneIn */ = {
			isa = PBXNativeTarget;
			buildConfigurationList = ABEA01F021C39ECF00959708 /* Build configuration list for PBXNativeTarget "Spotify TuneIn" */;
			buildPhases = (
				F4F59F0FEB6F47A764248D3A /* [CP] Check Pods Manifest.lock */,
				ABEA01DA21C39ECF00959708 /* Sources */,
				ABEA01DB21C39ECF00959708 /* Frameworks */,
				ABEA01DC21C39ECF00959708 /* Resources */,
				F9F80B1F4F210FA23A0EABBB /* [CP] Embed Pods Frameworks */,
			);
			buildRules = (
			);
			dependencies = (
			);
			name = "Spotify TuneIn";
			productName = "Spotify TuneIn";
			productReference = ABEA01DE21C39ECF00959708 /* Spotify TuneIn.app */;
			productType = "com.apple.product-type.application";
		};
/* End PBXNativeTarget section */

/* Begin PBXProject section */
		ABEA01D621C39ECF00959708 /* Project object */ = {
			isa = PBXProject;
			attributes = {
				LastSwiftUpdateCheck = 1010;
				LastUpgradeCheck = 1010;
				ORGANIZATIONNAME = "Jonathan Berglind";
				TargetAttributes = {
					ABEA01DD21C39ECF00959708 = {
						CreatedOnToolsVersion = 10.1;
					};
				};
			};
			buildConfigurationList = ABEA01D921C39ECF00959708 /* Build configuration list for PBXProject "Spotify TuneIn" */;
			compatibilityVersion = "Xcode 9.3";
			developmentRegion = en;
			hasScannedForEncodings = 0;
			knownRegions = (
				en,
				Base,
			);
			mainGroup = ABEA01D521C39ECF00959708;
			productRefGroup = ABEA01DF21C39ECF00959708 /* Products */;
			projectDirPath = "";
			projectRoot = "";
			targets = (
				ABEA01DD21C39ECF00959708 /* Spotify TuneIn */,
			);
		};
/* End PBXProject section */

/* Begin PBXResourcesBuildPhase section */
		ABEA01DC21C39ECF00959708 /* Resources */ = {
			isa = PBXResourcesBuildPhase;
			buildActionMask = 2147483647;
			files = (
				ABEA01EC21C39ECF00959708 /* LaunchScreen.storyboard in Resources */,
				ABEA01E921C39ECF00959708 /* Assets.xcassets in Resources */,
				ABEA01E721C39ECF00959708 /* Main.storyboard in Resources */,
			);
			runOnlyForDeploymentPostprocessing = 0;
		};
/* End PBXResourcesBuildPhase section */

/* Begin PBXShellScriptBuildPhase section */
		F4F59F0FEB6F47A764248D3A /* [CP] Check Pods Manifest.lock */ = {
			isa = PBXShellScriptBuildPhase;
			buildActionMask = 2147483647;
			files = (
			);
			inputPaths = (
				"${PODS_PODFILE_DIR_PATH}/Podfile.lock",
				"${PODS_ROOT}/Manifest.lock",
			);
			name = "[CP] Check Pods Manifest.lock";
			outputPaths = (
				"$(DERIVED_FILE_DIR)/Pods-Spotify TuneIn-checkManifestLockResult.txt",
			);
			runOnlyForDeploymentPostprocessing = 0;
			shellPath = /bin/sh;
			shellScript = "diff \"${PODS_PODFILE_DIR_PATH}/Podfile.lock\" \"${PODS_ROOT}/Manifest.lock\" > /dev/null\nif [ $? != 0 ] ; then\n    # print error to STDERR\n    echo \"error: The sandbox is not in sync with the Podfile.lock. Run 'pod install' or update your CocoaPods installation.\" >&2\n    exit 1\nfi\n# This output is used by Xcode 'outputs' to avoid re-running this script phase.\necho \"SUCCESS\" > \"${SCRIPT_OUTPUT_FILE_0}\"\n";
			showEnvVarsInLog = 0;
		};
		F9F80B1F4F210FA23A0EABBB /* [CP] Embed Pods Frameworks */ = {
			isa = PBXShellScriptBuildPhase;
			buildActionMask = 2147483647;
			files = (
			);
			inputPaths = (
				"${SRCROOT}/Pods/Target Support Files/Pods-Spotify TuneIn/Pods-Spotify TuneIn-frameworks.sh",
				"${BUILT_PRODUCTS_DIR}/RxCocoa/RxCocoa.framework",
				"${BUILT_PRODUCTS_DIR}/RxSwift/RxSwift.framework",
			);
			name = "[CP] Embed Pods Frameworks";
			outputPaths = (
				"${TARGET_BUILD_DIR}/${FRAMEWORKS_FOLDER_PATH}/RxCocoa.framework",
				"${TARGET_BUILD_DIR}/${FRAMEWORKS_FOLDER_PATH}/RxSwift.framework",
			);
			runOnlyForDeploymentPostprocessing = 0;
			shellPath = /bin/sh;
			shellScript = "\"${SRCROOT}/Pods/Target Support Files/Pods-Spotify TuneIn/Pods-Spotify TuneIn-frameworks.sh\"\n";
			showEnvVarsInLog = 0;
		};
/* End PBXShellScriptBuildPhase section */

/* Begin PBXSourcesBuildPhase section */
		ABEA01DA21C39ECF00959708 /* Sources */ = {
			isa = PBXSourcesBuildPhase;
			buildActionMask = 2147483647;
			files = (
				ABEA01E421C39ECF00959708 /* ViewController.swift in Sources */,
				ABEA01E221C39ECF00959708 /* AppDelegate.swift in Sources */,
			);
			runOnlyForDeploymentPostprocessing = 0;
		};
/* End PBXSourcesBuildPhase section */

/* Begin PBXVariantGroup section */
		ABEA01E521C39ECF00959708 /* Main.storyboard */ = {
			isa = PBXVariantGroup;
			children = (
				ABEA01E621C39ECF00959708 /* Base */,
			);
			name = Main.storyboard;
			sourceTree = "<group>";
		};
		ABEA01EA21C39ECF00959708 /* LaunchScreen.storyboard */ = {
			isa = PBXVariantGroup;
			children = (
				ABEA01EB21C39ECF00959708 /* Base */,
			);
			name = LaunchScreen.storyboard;
			sourceTree = "<group>";
		};
/* End PBXVariantGroup section */

/* Begin XCBuildConfiguration section */
		ABEA01EE21C39ECF00959708 /* Debug */ = {
			isa = XCBuildConfiguration;
			buildSettings = {
				ALWAYS_SEARCH_USER_PATHS = NO;
				CLANG_ANALYZER_NONNULL = YES;
				CLANG_ANALYZER_NUMBER_OBJECT_CONVERSION = YES_AGGRESSIVE;
				CLANG_CXX_LANGUAGE_STANDARD = "gnu++14";
				CLANG_CXX_LIBRARY = "libc++";
				CLANG_ENABLE_MODULES = YES;
				CLANG_ENABLE_OBJC_ARC = YES;
				CLANG_ENABLE_OBJC_WEAK = YES;
				CLANG_WARN_BLOCK_CAPTURE_AUTORELEASING = YES;
				CLANG_WARN_BOOL_CONVERSION = YES;
				CLANG_WARN_COMMA = YES;
				CLANG_WARN_CONSTANT_CONVERSION = YES;
				CLANG_WARN_DEPRECATED_OBJC_IMPLEMENTATIONS = YES;
				CLANG_WARN_DIRECT_OBJC_ISA_USAGE = YES_ERROR;
				CLANG_WARN_DOCUMENTATION_COMMENTS = YES;
				CLANG_WARN_EMPTY_BODY = YES;
				CLANG_WARN_ENUM_CONVERSION = YES;
				CLANG_WARN_INFINITE_RECURSION = YES;
				CLANG_WARN_INT_CONVERSION = YES;
				CLANG_WARN_NON_LITERAL_NULL_CONVERSION = YES;
				CLANG_WARN_OBJC_IMPLICIT_RETAIN_SELF = YES;
				CLANG_WARN_OBJC_LITERAL_CONVERSION = YES;
				CLANG_WARN_OBJC_ROOT_CLASS = YES_ERROR;
				CLANG_WARN_RANGE_LOOP_ANALYSIS = YES;
				CLANG_WARN_STRICT_PROTOTYPES = YES;
				CLANG_WARN_SUSPICIOUS_MOVE = YES;
				CLANG_WARN_UNGUARDED_AVAILABILITY = YES_AGGRESSIVE;
				CLANG_WARN_UNREACHABLE_CODE = YES;
				CLANG_WARN__DUPLICATE_METHOD_MATCH = YES;
				CODE_SIGN_IDENTITY = "iPhone Developer";
				COPY_PHASE_STRIP = NO;
				DEBUG_INFORMATION_FORMAT = dwarf;
				ENABLE_STRICT_OBJC_MSGSEND = YES;
				ENABLE_TESTABILITY = YES;
				GCC_C_LANGUAGE_STANDARD = gnu11;
				GCC_DYNAMIC_NO_PIC = NO;
				GCC_NO_COMMON_BLOCKS = YES;
				GCC_OPTIMIZATION_LEVEL = 0;
				GCC_PREPROCESSOR_DEFINITIONS = (
					"DEBUG=1",
					"$(inherited)",
				);
				GCC_WARN_64_TO_32_BIT_CONVERSION = YES;
				GCC_WARN_ABOUT_RETURN_TYPE = YES_ERROR;
				GCC_WARN_UNDECLARED_SELECTOR = YES;
				GCC_WARN_UNINITIALIZED_AUTOS = YES_AGGRESSIVE;
				GCC_WARN_UNUSED_FUNCTION = YES;
				GCC_WARN_UNUSED_VARIABLE = YES;
				IPHONEOS_DEPLOYMENT_TARGET = 12.1;
				MTL_ENABLE_DEBUG_INFO = INCLUDE_SOURCE;
				MTL_FAST_MATH = YES;
				ONLY_ACTIVE_ARCH = YES;
				SDKROOT = iphoneos;
				SWIFT_ACTIVE_COMPILATION_CONDITIONS = DEBUG;
				SWIFT_OPTIMIZATION_LEVEL = "-Onone";
			};
			name = Debug;
		};
		ABEA01EF21C39ECF00959708 /* Release */ = {
			isa = XCBuildConfiguration;
			buildSettings = {
				ALWAYS_SEARCH_USER_PATHS = NO;
				CLANG_ANALYZER_NONNULL = YES;
				CLANG_ANALYZER_NUMBER_OBJECT_CONVERSION = YES_AGGRESSIVE;
				CLANG_CXX_LANGUAGE_STANDARD = "gnu++14";
				CLANG_CXX_LIBRARY = "libc++";
				CLANG_ENABLE_MODULES = YES;
				CLANG_ENABLE_OBJC_ARC = YES;
				CLANG_ENABLE_OBJC_WEAK = YES;
				CLANG_WARN_BLOCK_CAPTURE_AUTORELEASING = YES;
				CLANG_WARN_BOOL_CONVERSION = YES;
				CLANG_WARN_COMMA = YES;
				CLANG_WARN_CONSTANT_CONVERSION = YES;
				CLANG_WARN_DEPRECATED_OBJC_IMPLEMENTATIONS = YES;
				CLANG_WARN_DIRECT_OBJC_ISA_USAGE = YES_ERROR;
				CLANG_WARN_DOCUMENTATION_COMMENTS = YES;
				CLANG_WARN_EMPTY_BODY = YES;
				CLANG_WARN_ENUM_CONVERSION = YES;
				CLANG_WARN_INFINITE_RECURSION = YES;
				CLANG_WARN_INT_CONVERSION = YES;
				CLANG_WARN_NON_LITERAL_NULL_CONVERSION = YES;
				CLANG_WARN_OBJC_IMPLICIT_RETAIN_SELF = YES;
				CLANG_WARN_OBJC_LITERAL_CONVERSION = YES;
				CLANG_WARN_OBJC_ROOT_CLASS = YES_ERROR;
				CLANG_WARN_RANGE_LOOP_ANALYSIS = YES;
				CLANG_WARN_STRICT_PROTOTYPES = YES;
				CLANG_WARN_SUSPICIOUS_MOVE = YES;
				CLANG_WARN_UNGUARDED_AVAILABILITY = YES_AGGRESSIVE;
				CLANG_WARN_UNREACHABLE_CODE = YES;
				CLANG_WARN__DUPLICATE_METHOD_MATCH = YES;
				CODE_SIGN_IDENTITY = "iPhone Developer";
				COPY_PHASE_STRIP = NO;
				DEBUG_INFORMATION_FORMAT = "dwarf-with-dsym";
				ENABLE_NS_ASSERTIONS = NO;
				ENABLE_STRICT_OBJC_MSGSEND = YES;
				GCC_C_LANGUAGE_STANDARD = gnu11;
				GCC_NO_COMMON_BLOCKS = YES;
				GCC_WARN_64_TO_32_BIT_CONVERSION = YES;
				GCC_WARN_ABOUT_RETURN_TYPE = YES_ERROR;
				GCC_WARN_UNDECLARED_SELECTOR = YES;
				GCC_WARN_UNINITIALIZED_AUTOS = YES_AGGRESSIVE;
				GCC_WARN_UNUSED_FUNCTION = YES;
				GCC_WARN_UNUSED_VARIABLE = YES;
				IPHONEOS_DEPLOYMENT_TARGET = 12.1;
				MTL_ENABLE_DEBUG_INFO = NO;
				MTL_FAST_MATH = YES;
				SDKROOT = iphoneos;
				SWIFT_COMPILATION_MODE = wholemodule;
				SWIFT_OPTIMIZATION_LEVEL = "-O";
				VALIDATE_PRODUCT = YES;
			};
			name = Release;
		};
		ABEA01F121C39ECF00959708 /* Debug */ = {
			isa = XCBuildConfiguration;
			baseConfigurationReference = F460643574B8857D42840B8B /* Pods-Spotify TuneIn.debug.xcconfig */;
			buildSettings = {
				ASSETCATALOG_COMPILER_APPICON_NAME = AppIcon;
				CODE_SIGN_STYLE = Automatic;
				DEVELOPMENT_TEAM = RVSA2Z4HRJ;
				FRAMEWORK_SEARCH_PATHS = (
					"$(inherited)",
					"$(PROJECT_DIR)/Pods/SpotifyRemoteSDK",
				);
				INFOPLIST_FILE = "Spotify TuneIn/Info.plist";
				LD_RUNPATH_SEARCH_PATHS = (
					"$(inherited)",
					"@executable_path/Frameworks",
				);
				OTHER_LDFLAGS = (
					"$(inherited)",
					"-framework",
					"\"Foundation\"",
					"-framework",
					"\"RxCocoa\"",
					"-framework",
					"\"RxSwift\"",
					"-framework",
					"\"SpotifyiOS\"",
					"-framework",
					"\"UIKit\"",
					"-ObjC",
				);
				PRODUCT_BUNDLE_IDENTIFIER = "io.berglind.Spotify-TuneIn";
				PRODUCT_NAME = "$(TARGET_NAME)";
				SWIFT_OBJC_BRIDGING_HEADER = "Spotify-TuneIn-Bridging-Header.h";
				SWIFT_VERSION = 4.2;
				TARGETED_DEVICE_FAMILY = "1,2";
			};
			name = Debug;
		};
		ABEA01F221C39ECF00959708 /* Release */ = {
			isa = XCBuildConfiguration;
			baseConfigurationReference = 8EF48321824137BD9F3DFB14 /* Pods-Spotify TuneIn.release.xcconfig */;
			buildSettings = {
				ASSETCATALOG_COMPILER_APPICON_NAME = AppIcon;
				CODE_SIGN_STYLE = Automatic;
				DEVELOPMENT_TEAM = RVSA2Z4HRJ;
				FRAMEWORK_SEARCH_PATHS = (
					"$(inherited)",
					"$(PROJECT_DIR)/Pods/SpotifyRemoteSDK",
				);
				INFOPLIST_FILE = "Spotify TuneIn/Info.plist";
				LD_RUNPATH_SEARCH_PATHS = (
					"$(inherited)",
					"@executable_path/Frameworks",
				);
				OTHER_LDFLAGS = (
					"$(inherited)",
					"-framework",
					"\"Foundation\"",
					"-framework",
					"\"RxCocoa\"",
					"-framework",
					"\"RxSwift\"",
					"-framework",
					"\"SpotifyiOS\"",
					"-framework",
					"\"UIKit\"",
					"-ObjC",
				);
				PRODUCT_BUNDLE_IDENTIFIER = "io.berglind.Spotify-TuneIn";
				PRODUCT_NAME = "$(TARGET_NAME)";
				SWIFT_OBJC_BRIDGING_HEADER = "Spotify-TuneIn-Bridging-Header.h";
				SWIFT_VERSION = 4.2;
				TARGETED_DEVICE_FAMILY = "1,2";
			};
			name = Release;
		};
/* End XCBuildConfiguration section */

/* Begin XCConfigurationList section */
		ABEA01D921C39ECF00959708 /* Build configuration list for PBXProject "Spotify TuneIn" */ = {
			isa = XCConfigurationList;
			buildConfigurations = (
				ABEA01EE21C39ECF00959708 /* Debug */,
				ABEA01EF21C39ECF00959708 /* Release */,
			);
			defaultConfigurationIsVisible = 0;
			defaultConfigurationName = Release;
		};
		ABEA01F021C39ECF00959708 /* Build configuration list for PBXNativeTarget "Spotify TuneIn" */ = {
			isa = XCConfigurationList;
			buildConfigurations = (
				ABEA01F121C39ECF00959708 /* Debug */,
				ABEA01F221C39ECF00959708 /* Release */,
			);
			defaultConfigurationIsVisible = 0;
			defaultConfigurationName = Release;
		};
/* End XCConfigurationList section */
	};
	rootObject = ABEA01D621C39ECF00959708 /* Project object */;
}
